PODS:
  - Contentful (5.5.1):
    - Contentful/ImageOptions (= 5.5.1)
  - Contentful/ImageOptions (5.5.1)

DEPENDENCIES:
  - Contentful

SPEC REPOS:
  trunk:
    - Contentful

SPEC CHECKSUMS:
  Contentful: 5bc3d261fe57fa94a99fe89b904f9f11a0f04331

PODFILE CHECKSUM: 6475422f73f25b9968bd773d3ba0fc0e1a1f73c0

COCOAPODS: 1.11.2
